
Microsoft Visual Studio Solution File, Format Version 12.00
# Visual Studio Version 17
VisualStudioVersion = 17.2.32630.192
MinimumVisualStudioVersion = 10.0.40219.1
Project("{FAE04EC0-301F-11D3-BF4B-00C04F79EFBC}") = "NLayer.Core", "NLayer.Core\NLayer.Core.csproj", "{FEB0D42E-DEC2-4268-A70F-F942B4DE1812}"
EndProject
Project("{FAE04EC0-301F-11D3-BF4B-00C04F79EFBC}") = "NLayer.Repository", "NLayer.Repository\NLayer.Repository.csproj", "{78A338CB-BB18-4C2A-9583-8CEED136323E}"
EndProject
Project("{FAE04EC0-301F-11D3-BF4B-00C04F79EFBC}") = "NLayer.Service", "NLayer.Service\NLayer.Service.csproj", "{70A81F63-3E07-43CB-8361-5DE02F8E736A}"
EndProject
Project("{FAE04EC0-301F-11D3-BF4B-00C04F79EFBC}") = "NLayer.API", "NLayer.API\NLayer.API.csproj", "{C50E99BC-5FA1-4F0D-98F2-D1B06D4EEB22}"
EndProject
Project("{FAE04EC0-301F-11D3-BF4B-00C04F79EFBC}") = "NLayer.Web", "NLayer.Web\NLayer.Web.csproj", "{D305AE97-A923-4775-A346-E1DB7135DFF1}"
EndProject
Project("{FAE04EC0-301F-11D3-BF4B-00C04F79EFBC}") = "NLayer.Caching", "NLayer.Caching\NLayer.Caching.csproj", "{C2217A1B-A4F5-4809-82D9-DD5993198B73}"
EndProject
Global
	GlobalSection(SolutionConfigurationPlatforms) = preSolution
		Debug|Any CPU = Debug|Any CPU
		Release|Any CPU = Release|Any CPU
	EndGlobalSection
	GlobalSection(ProjectConfigurationPlatforms) = postSolution
		{FEB0D42E-DEC2-4268-A70F-F942B4DE1812}.Debug|Any CPU.ActiveCfg = Debug|Any CPU
		{FEB0D42E-DEC2-4268-A70F-F942B4DE1812}.Debug|Any CPU.Build.0 = Debug|Any CPU
		{FEB0D42E-DEC2-4268-A70F-F942B4DE1812}.Release|Any CPU.ActiveCfg = Release|Any CPU
		{FEB0D42E-DEC2-4268-A70F-F942B4DE1812}.Release|Any CPU.Build.0 = Release|Any CPU
		{78A338CB-BB18-4C2A-9583-8CEED136323E}.Debug|Any CPU.ActiveCfg = Debug|Any CPU
		{78A338CB-BB18-4C2A-9583-8CEED136323E}.Debug|Any CPU.Build.0 = Debug|Any CPU
		{78A338CB-BB18-4C2A-9583-8CEED136323E}.Release|Any CPU.ActiveCfg = Release|Any CPU
		{78A338CB-BB18-4C2A-9583-8CEED136323E}.Release|Any CPU.Build.0 = Release|Any CPU
		{70A81F63-3E07-43CB-8361-5DE02F8E736A}.Debug|Any CPU.ActiveCfg = Debug|Any CPU
		{70A81F63-3E07-43CB-8361-5DE02F8E736A}.Debug|Any CPU.Build.0 = Debug|Any CPU
		{70A81F63-3E07-43CB-8361-5DE02F8E736A}.Release|Any CPU.ActiveCfg = Release|Any CPU
		{70A81F63-3E07-43CB-8361-5DE02F8E736A}.Release|Any CPU.Build.0 = Release|Any CPU
		{C50E99BC-5FA1-4F0D-98F2-D1B06D4EEB22}.Debug|Any CPU.ActiveCfg = Debug|Any CPU
		{C50E99BC-5FA1-4F0D-98F2-D1B06D4EEB22}.Debug|Any CPU.Build.0 = Debug|Any CPU
		{C50E99BC-5FA1-4F0D-98F2-D1B06D4EEB22}.Release|Any CPU.ActiveCfg = Release|Any CPU
		{C50E99BC-5FA1-4F0D-98F2-D1B06D4EEB22}.Release|Any CPU.Build.0 = Release|Any CPU
		{D305AE97-A923-4775-A346-E1DB7135DFF1}.Debug|Any CPU.ActiveCfg = Debug|Any CPU
		{D305AE97-A923-4775-A346-E1DB7135DFF1}.Debug|Any CPU.Build.0 = Debug|Any CPU
		{D305AE97-A923-4775-A346-E1DB7135DFF1}.Release|Any CPU.ActiveCfg = Release|Any CPU
		{D305AE97-A923-4775-A346-E1DB7135DFF1}.Release|Any CPU.Build.0 = Release|Any CPU
		{C2217A1B-A4F5-4809-82D9-DD5993198B73}.Debug|Any CPU.ActiveCfg = Debug|Any CPU
		{C2217A1B-A4F5-4809-82D9-DD5993198B73}.Debug|Any CPU.Build.0 = Debug|Any CPU
		{C2217A1B-A4F5-4809-82D9-DD5993198B73}.Release|Any CPU.ActiveCfg = Release|Any CPU
		{C2217A1B-A4F5-4809-82D9-DD5993198B73}.Release|Any CPU.Build.0 = Release|Any CPU
	EndGlobalSection
	GlobalSection(SolutionProperties) = preSolution
		HideSolutionNode = FALSE
	EndGlobalSection
	GlobalSection(ExtensibilityGlobals) = postSolution
		SolutionGuid = {A493315E-DF8D-48C1-9A97-5EE4E2393F4C}
	EndGlobalSection
EndGlobal
